# THIS IS AN AUTOGENERATED FILE. DO NOT EDIT THIS FILE DIRECTLY.
# yarn lockfile v1


"@microsoft/microsoft-graph-types@^2.7.0":
  version "2.7.0"
  resolved "https://registry.yarnpkg.com/@microsoft/microsoft-graph-types/-/microsoft-graph-types-2.7.0.tgz#ee2b2870b11f6f8d0ca64f7191f33fb233610836"
  integrity sha512-jWdWUmemK2BrC/ddiY10uvOFWmvY5rV283hpyfARfXsNk/Q/Xs6INHJhd7oXH6KalC2mLx8RCFqM+oPsAUPeVA==
